<?xml version="1.0" encoding="utf-8"?>
<Project ToolsVersion="4.0" xmlns="http://schemas.microsoft.com/developer/msbuild/2003">
  <ItemGroup>
    <Filter Include="Default">
      <UniqueIdentifier>{e0f3197b-d67c-4ac9-9c2b-f2dd4fb4e62b}</UniqueIdentifier>
    </Filter>
    <Filter Include="SystemClass">
      <UniqueIdentifier>{6170693a-16ed-42e4-bf5f-29ee7ec67e92}</UniqueIdentifier>
    </Filter>
    <Filter Include="InputClass">
      <UniqueIdentifier>{5f430cbf-7ff5-4b91-b373-d61465ca0a2e}</UniqueIdentifier>
    </Filter>
    <Filter Include="Debugging">
      <UniqueIdentifier>{d00c2fe4-1a98-47e1-b031-661cdba45e0e}</UniqueIdentifier>
    </Filter>
    <Filter Include="Debugging\CPUClass">
      <UniqueIdentifier>{7fdf2c42-f2b4-42e2-933f-8893905f0b0f}</UniqueIdentifier>
    </Filter>
    <Filter Include="Debugging\FPSClass">
      <UniqueIdentifier>{9c2c5e85-746a-4783-9e67-1107adea2c39}</UniqueIdentifier>
    </Filter>
    <Filter Include="Debugging\TimerClass">
      <UniqueIdentifier>{3df7ed79-e5f2-4743-bfb1-8881499d389d}</UniqueIdentifier>
    </Filter>
    <Filter Include="SoundClass">
      <UniqueIdentifier>{06399912-871c-4ba6-b921-ce80ecbcc14a}</UniqueIdentifier>
    </Filter>
    <Filter Include="Default\리소스 파일">
      <UniqueIdentifier>{67DA6AB6-F800-4c08-8B7A-83BB121AAD01}</UniqueIdentifier>
      <Extensions>rc;ico;cur;bmp;dlg;rc2;rct;bin;rgs;gif;jpg;jpeg;jpe;resx;tiff;tif;png;wav;mfcribbon-ms</Extensions>
    </Filter>
    <Filter Include="Graphics">
      <UniqueIdentifier>{80143554-941d-40cb-8afc-f4b624206db8}</UniqueIdentifier>
    </Filter>
    <Filter Include="Graphics\D3DClass">
      <UniqueIdentifier>{266e2735-c2bf-4965-b9b8-a7f7287c74a1}</UniqueIdentifier>
    </Filter>
    <Filter Include="Graphics\GraphicsClass">
      <UniqueIdentifier>{4c246c9e-9e97-4202-976c-ebd06210ee55}</UniqueIdentifier>
    </Filter>
    <Filter Include="Default\header">
      <UniqueIdentifier>{4cdff5a3-8c3f-4636-bd3a-5b4c64260d22}</UniqueIdentifier>
    </Filter>
    <Filter Include="FrustumClass">
      <UniqueIdentifier>{cbac6ccf-be28-4f73-9f9b-51c9b43e22fa}</UniqueIdentifier>
    </Filter>
    <Filter Include="Model">
      <UniqueIdentifier>{b2ab057f-896f-42aa-800e-4d42831064c2}</UniqueIdentifier>
    </Filter>
    <Filter Include="Light">
      <UniqueIdentifier>{e3f9a0a2-cb03-4a0d-b1b3-509bf3d96848}</UniqueIdentifier>
    </Filter>
    <Filter Include="Debugging\IMGUIClass">
      <UniqueIdentifier>{9769faa4-fe27-4ad5-9210-4d7a9cb01ff2}</UniqueIdentifier>
    </Filter>
    <Filter Include="Model\ModelManager">
      <UniqueIdentifier>{1f0abbbd-4932-423d-8fbb-340e55c207dd}</UniqueIdentifier>
    </Filter>
    <Filter Include="Model\Spaceship">
      <UniqueIdentifier>{100f9a1d-d3f9-4cce-b959-68b9e635a74d}</UniqueIdentifier>
    </Filter>
    <Filter Include="Model\Spaceship\SpaceshipModelClass">
      <UniqueIdentifier>{a444c7e9-e553-470a-adfe-d8ff08a816e9}</UniqueIdentifier>
    </Filter>
    <Filter Include="Model\Cube">
      <UniqueIdentifier>{43de61e0-d73d-4a1f-b024-b2e7dce79e48}</UniqueIdentifier>
    </Filter>
    <Filter Include="Model\Cube\CubeModelClass">
      <UniqueIdentifier>{9d79f49c-43c5-4c82-96ec-2aeee070b467}</UniqueIdentifier>
    </Filter>
    <Filter Include="Model\Cube\CubeShaderClass">
      <UniqueIdentifier>{ae9de815-ae4f-4a3d-8482-a59490cb4251}</UniqueIdentifier>
    </Filter>
    <Filter Include="Model\Shader">
      <UniqueIdentifier>{3cb280fe-6c0a-49f4-b5f8-76497f04f653}</UniqueIdentifier>
    </Filter>
    <Filter Include="Model\Shader\VertexShader">
      <UniqueIdentifier>{195d6403-ca2f-4171-97e3-ef9386624936}</UniqueIdentifier>
    </Filter>
    <Filter Include="Model\Shader\PixelShader">
      <UniqueIdentifier>{4cc13100-384c-4da9-8b21-9fc33c37ee45}</UniqueIdentifier>
    </Filter>
    <Filter Include="Model\ShaderClass">
      <UniqueIdentifier>{e536d068-4c88-4f1d-99c6-3fa9d3bbbab8}</UniqueIdentifier>
    </Filter>
    <Filter Include="Model\ModelClass">
      <UniqueIdentifier>{193cacbb-0aa9-481f-9fab-e2a6ec264955}</UniqueIdentifier>
    </Filter>
    <Filter Include="TextureClass">
      <UniqueIdentifier>{f425539f-e15e-4831-a061-d4cb088eddbe}</UniqueIdentifier>
    </Filter>
    <Filter Include="Model\Spaceship\SpaceshipShaderClass">
      <UniqueIdentifier>{c9ce7fe0-dc45-431a-9878-9c4b6c77d898}</UniqueIdentifier>
    </Filter>
    <Filter Include="SceneManagerClass">
      <UniqueIdentifier>{53171791-417b-4d08-a31a-c30fbf724969}</UniqueIdentifier>
    </Filter>
    <Filter Include="TextRenderClass">
      <UniqueIdentifier>{60015bc3-ca0b-4bf3-9efb-6b5fa100c17f}</UniqueIdentifier>
    </Filter>
    <Filter Include="ActorManagerClass">
      <UniqueIdentifier>{f76564fc-c875-488a-bc4b-f72ebb04c305}</UniqueIdentifier>
    </Filter>
    <Filter Include="TypeConverter">
      <UniqueIdentifier>{7ea17dcf-82ce-46e2-a0c9-180b1f84633a}</UniqueIdentifier>
    </Filter>
    <Filter Include="Object">
      <UniqueIdentifier>{eb4a0ca8-ca9c-488c-9f94-66bbc7834886}</UniqueIdentifier>
    </Filter>
    <Filter Include="Object\IObjectClass">
      <UniqueIdentifier>{f700590f-9ef5-45ee-a39d-ac7ad4006c01}</UniqueIdentifier>
    </Filter>
    <Filter Include="Object\GameObjectClass">
      <UniqueIdentifier>{f4cfa62f-a1db-4c9f-9081-a3a827113035}</UniqueIdentifier>
    </Filter>
    <Filter Include="Move">
      <UniqueIdentifier>{cf3ff131-5342-40bf-a8be-428422776552}</UniqueIdentifier>
    </Filter>
    <Filter Include="Move\IMoveClass">
      <UniqueIdentifier>{763ed01c-234e-4ea4-8cc5-ce67575b9462}</UniqueIdentifier>
    </Filter>
    <Filter Include="Move\MoveClass">
      <UniqueIdentifier>{c97a22e4-4436-4cea-af92-7c967892cd3b}</UniqueIdentifier>
    </Filter>
    <Filter Include="Rotate">
      <UniqueIdentifier>{70012fa5-5275-4fac-bf21-c31419aceb2c}</UniqueIdentifier>
    </Filter>
    <Filter Include="Rotate\IRotateClass">
      <UniqueIdentifier>{da1ed222-7c63-4f07-b4f3-31b71975eff7}</UniqueIdentifier>
    </Filter>
    <Filter Include="Rotate\RotateClass">
      <UniqueIdentifier>{2d87847b-117f-4e2f-99ca-c78b13518f48}</UniqueIdentifier>
    </Filter>
    <Filter Include="Object\MoveableObjectClass">
      <UniqueIdentifier>{f5b1d2f9-1a43-414f-abda-8a6a5e623cca}</UniqueIdentifier>
    </Filter>
    <Filter Include="Object\ActorClass">
      <UniqueIdentifier>{24aabe3a-49bc-4ae5-80f5-f47d9bdbc317}</UniqueIdentifier>
    </Filter>
    <Filter Include="Object\CameraClass">
      <UniqueIdentifier>{6d70804d-61ec-47a6-9770-f8b84460eb0e}</UniqueIdentifier>
    </Filter>
    <Filter Include="ComputeDirectionVectorClass">
      <UniqueIdentifier>{61644cc4-b24f-455b-886a-f2cf3007bc93}</UniqueIdentifier>
    </Filter>
    <Filter Include="Collision">
      <UniqueIdentifier>{6ff18a9d-ee6c-4589-bbed-2df641444493}</UniqueIdentifier>
    </Filter>
    <Filter Include="Collision\ICollisionClass">
      <UniqueIdentifier>{547d56bb-9a13-4d40-bbec-4bc1b73844d3}</UniqueIdentifier>
    </Filter>
    <Filter Include="Collision\CollisionClass">
      <UniqueIdentifier>{d0a59b05-b414-423d-a754-8ad2c466fccc}</UniqueIdentifier>
    </Filter>
    <Filter Include="Text">
      <UniqueIdentifier>{903a94af-6dc9-4e45-862b-fedb1ea0a84b}</UniqueIdentifier>
    </Filter>
    <Filter Include="Text\TextManagerClass">
      <UniqueIdentifier>{1811e15d-182a-4003-acfb-7130b808f53a}</UniqueIdentifier>
    </Filter>
    <Filter Include="Text\ITextClass">
      <UniqueIdentifier>{fd3e58b8-c9e0-4f63-acb2-7de96291bff1}</UniqueIdentifier>
    </Filter>
    <Filter Include="Text\TextClass">
      <UniqueIdentifier>{ac3c10fe-0906-439d-9f98-5886c7e4d60a}</UniqueIdentifier>
    </Filter>
    <Filter Include="Scene">
      <UniqueIdentifier>{23ab21c9-df38-4029-affc-f68bcbc7f411}</UniqueIdentifier>
    </Filter>
    <Filter Include="Scene\ISceneClass">
      <UniqueIdentifier>{0b17f4ca-87da-469e-b2b7-b4b4d63ac0bd}</UniqueIdentifier>
    </Filter>
  </ItemGroup>
  <ItemGroup>
    <ClInclude Include="SystemClass.h">
      <Filter>SystemClass</Filter>
    </ClInclude>
    <ClInclude Include="InputClass.h">
      <Filter>InputClass</Filter>
    </ClInclude>
    <ClInclude Include="GraphicsClass.h">
      <Filter>Graphics\GraphicsClass</Filter>
    </ClInclude>
    <ClInclude Include="CPUClass.h">
      <Filter>Debugging\CPUClass</Filter>
    </ClInclude>
    <ClInclude Include="FPSClass.h">
      <Filter>Debugging\FPSClass</Filter>
    </ClInclude>
    <ClInclude Include="TimerClass.h">
      <Filter>Debugging\TimerClass</Filter>
    </ClInclude>
    <ClInclude Include="SoundClass.h">
      <Filter>SoundClass</Filter>
    </ClInclude>
    <ClInclude Include="D3DClass.h">
      <Filter>Graphics\D3DClass</Filter>
    </ClInclude>
    <ClInclude Include="pch.h">
      <Filter>Default\header</Filter>
    </ClInclude>
    <ClInclude Include="DxDefine.h">
      <Filter>Default\header</Filter>
    </ClInclude>
    <ClInclude Include="Resource.h">
      <Filter>Default\header</Filter>
    </ClInclude>
    <ClInclude Include="SpaceshipGame.h">
      <Filter>Default\header</Filter>
    </ClInclude>
    <ClInclude Include="targetver.h">
      <Filter>Default\header</Filter>
    </ClInclude>
    <ClInclude Include="CameraClass.h">
      <Filter>Object\CameraClass</Filter>
    </ClInclude>
    <ClInclude Include="FrustumClass.h">
      <Filter>FrustumClass</Filter>
    </ClInclude>
    <ClInclude Include="ModelClass.h">
      <Filter>Model\ModelClass</Filter>
    </ClInclude>
    <ClInclude Include="config.h">
      <Filter>Default\header</Filter>
    </ClInclude>
    <ClInclude Include="IMGUIClass.h">
      <Filter>Debugging\IMGUIClass</Filter>
    </ClInclude>
    <ClInclude Include="LightClass.h">
      <Filter>Light</Filter>
    </ClInclude>
    <ClInclude Include="typedef.h">
      <Filter>Default\header</Filter>
    </ClInclude>
    <ClInclude Include="ModelManagerClass.h">
      <Filter>Model\ModelManager</Filter>
    </ClInclude>
    <ClInclude Include="SpaceshipShaderClass.h">
      <Filter>Model\Spaceship\SpaceshipShaderClass</Filter>
    </ClInclude>
    <ClInclude Include="ShaderClass.h">
      <Filter>Model\ShaderClass</Filter>
    </ClInclude>
    <ClInclude Include="SpaceshipModelClass.h">
      <Filter>Model\Spaceship\SpaceshipModelClass</Filter>
    </ClInclude>
    <ClInclude Include="CubeModelClass.h">
      <Filter>Model\Cube\CubeModelClass</Filter>
    </ClInclude>
    <ClInclude Include="TextRenderClass.h">
      <Filter>TextRenderClass</Filter>
    </ClInclude>
    <ClInclude Include="TextureClass.h">
      <Filter>TextureClass</Filter>
    </ClInclude>
    <ClInclude Include="ColorShaderClass.h">
      <Filter>Model\Cube\CubeShaderClass</Filter>
    </ClInclude>
    <ClInclude Include="ActorClass.h">
      <Filter>Object\ActorClass</Filter>
    </ClInclude>
    <ClInclude Include="ActorManagerClass.h">
      <Filter>ActorManagerClass</Filter>
    </ClInclude>
    <ClInclude Include="SceneManagerClass.h">
      <Filter>SceneManagerClass</Filter>
    </ClInclude>
    <ClInclude Include="IObjectClass.h">
      <Filter>Object\IObjectClass</Filter>
    </ClInclude>
    <ClInclude Include="GameObjectClass.h">
      <Filter>Object\GameObjectClass</Filter>
    </ClInclude>
    <ClInclude Include="MoveClass.h">
      <Filter>Move\MoveClass</Filter>
    </ClInclude>
    <ClInclude Include="TypeConverterClass.h">
      <Filter>TypeConverter</Filter>
    </ClInclude>
    <ClInclude Include="IMoveClass.h">
      <Filter>Move\IMoveClass</Filter>
    </ClInclude>
    <ClInclude Include="IRotateClass.h">
      <Filter>Rotate\IRotateClass</Filter>
    </ClInclude>
    <ClInclude Include="RotateClass.h">
      <Filter>Rotate\RotateClass</Filter>
    </ClInclude>
    <ClInclude Include="MoveableObjectClass.h">
      <Filter>Object\MoveableObjectClass</Filter>
    </ClInclude>
    <ClInclude Include="CollisionClass.h">
      <Filter>Collision\CollisionClass</Filter>
    </ClInclude>
    <ClInclude Include="ComputeDirectionVectorClass.h">
      <Filter>ComputeDirectionVectorClass</Filter>
    </ClInclude>
    <ClInclude Include="ICollisionClass.h">
      <Filter>Collision\ICollisionClass</Filter>
    </ClInclude>
    <ClInclude Include="TextManagerClass.h">
      <Filter>Text\TextManagerClass</Filter>
    </ClInclude>
    <ClInclude Include="ITextClass.h">
      <Filter>Text\ITextClass</Filter>
    </ClInclude>
    <ClInclude Include="TextClass.h">
      <Filter>Text\TextClass</Filter>
    </ClInclude>
    <ClInclude Include="ISceneClass.h">
      <Filter>Scene\ISceneClass</Filter>
    </ClInclude>
  </ItemGroup>
  <ItemGroup>
    <ClCompile Include="main.cpp">
      <Filter>Default</Filter>
    </ClCompile>
    <ClCompile Include="SystemClass.cpp">
      <Filter>SystemClass</Filter>
    </ClCompile>
    <ClCompile Include="InputClass.cpp">
      <Filter>InputClass</Filter>
    </ClCompile>
    <ClCompile Include="GraphicsClass.cpp">
      <Filter>Graphics\GraphicsClass</Filter>
    </ClCompile>
    <ClCompile Include="CPUClass.cpp">
      <Filter>Debugging\CPUClass</Filter>
    </ClCompile>
    <ClCompile Include="FPSClass.cpp">
      <Filter>Debugging\FPSClass</Filter>
    </ClCompile>
    <ClCompile Include="TimerClass.cpp">
      <Filter>Debugging\TimerClass</Filter>
    </ClCompile>
    <ClCompile Include="SoundClass.cpp">
      <Filter>SoundClass</Filter>
    </ClCompile>
    <ClCompile Include="D3DClass.cpp">
      <Filter>Graphics\D3DClass</Filter>
    </ClCompile>
    <ClCompile Include="pch.cpp">
      <Filter>Default\header</Filter>
    </ClCompile>
    <ClCompile Include="CameraClass.cpp">
      <Filter>Object\CameraClass</Filter>
    </ClCompile>
    <ClCompile Include="FrustumClass.cpp">
      <Filter>FrustumClass</Filter>
    </ClCompile>
    <ClCompile Include="ModelClass.cpp">
      <Filter>Model\ModelClass</Filter>
    </ClCompile>
    <ClCompile Include="IMGUIClass.cpp">
      <Filter>Debugging\IMGUIClass</Filter>
    </ClCompile>
    <ClCompile Include="LightClass.cpp">
      <Filter>Light</Filter>
    </ClCompile>
    <ClCompile Include="ModelManagerClass.cpp">
      <Filter>Model\ModelManager</Filter>
    </ClCompile>
    <ClCompile Include="SpaceshipShaderClass.cpp">
      <Filter>Model\Spaceship\SpaceshipShaderClass</Filter>
    </ClCompile>
    <ClCompile Include="ShaderClass.cpp">
      <Filter>Model\ShaderClass</Filter>
    </ClCompile>
    <ClCompile Include="SpaceshipModelClass.cpp">
      <Filter>Model\Spaceship\SpaceshipModelClass</Filter>
    </ClCompile>
    <ClCompile Include="CubeModelClass.cpp">
      <Filter>Model\Cube\CubeModelClass</Filter>
    </ClCompile>
    <ClCompile Include="TextRenderClass.cpp">
      <Filter>TextRenderClass</Filter>
    </ClCompile>
    <ClCompile Include="TextureClass.cpp">
      <Filter>TextureClass</Filter>
    </ClCompile>
    <ClCompile Include="ColorShaderClass.cpp">
      <Filter>Model\Cube\CubeShaderClass</Filter>
    </ClCompile>
    <ClCompile Include="ActorClass.cpp">
      <Filter>Object\ActorClass</Filter>
    </ClCompile>
    <ClCompile Include="ActorManagerClass.cpp">
      <Filter>ActorManagerClass</Filter>
    </ClCompile>
    <ClCompile Include="SceneManagerClass.cpp">
      <Filter>SceneManagerClass</Filter>
    </ClCompile>
    <ClCompile Include="IObjectClass.cpp">
      <Filter>Object\IObjectClass</Filter>
    </ClCompile>
    <ClCompile Include="GameObjectClass.cpp">
      <Filter>Object\GameObjectClass</Filter>
    </ClCompile>
    <ClCompile Include="MoveClass.cpp">
      <Filter>Move\MoveClass</Filter>
    </ClCompile>
    <ClCompile Include="TypeConverterClass.cpp">
      <Filter>TypeConverter</Filter>
    </ClCompile>
    <ClCompile Include="IMoveClass.cpp">
      <Filter>Move\IMoveClass</Filter>
    </ClCompile>
    <ClCompile Include="IRotateClass.cpp">
      <Filter>Rotate\IRotateClass</Filter>
    </ClCompile>
    <ClCompile Include="RotateClass.cpp">
      <Filter>Rotate\RotateClass</Filter>
    </ClCompile>
    <ClCompile Include="MoveableObjectClass.cpp">
      <Filter>Object\MoveableObjectClass</Filter>
    </ClCompile>
    <ClCompile Include="CollisionClass.cpp">
      <Filter>Collision\CollisionClass</Filter>
    </ClCompile>
    <ClCompile Include="ComputeDirectionVectorClass.cpp">
      <Filter>ComputeDirectionVectorClass</Filter>
    </ClCompile>
    <ClCompile Include="ICollisionClass.cpp">
      <Filter>Collision\ICollisionClass</Filter>
    </ClCompile>
    <ClCompile Include="TextManagerClass.cpp">
      <Filter>Text\TextManagerClass</Filter>
    </ClCompile>
    <ClCompile Include="ITextClass.cpp">
      <Filter>Text\ITextClass</Filter>
    </ClCompile>
    <ClCompile Include="TextClass.cpp">
      <Filter>Text\TextClass</Filter>
    </ClCompile>
    <ClCompile Include="ISceneClass.cpp">
      <Filter>Scene\ISceneClass</Filter>
    </ClCompile>
  </ItemGroup>
  <ItemGroup>
    <ResourceCompile Include="SpaceshipGame.rc">
      <Filter>Default\리소스 파일</Filter>
    </ResourceCompile>
  </ItemGroup>
  <ItemGroup>
    <Image Include="small.ico">
      <Filter>Default\리소스 파일</Filter>
    </Image>
    <Image Include="SpaceshipGame.ico">
      <Filter>Default\리소스 파일</Filter>
    </Image>
  </ItemGroup>
  <ItemGroup>
    <None Include="shader\pixel\alphamap.ps">
      <Filter>Model\Shader\PixelShader</Filter>
    </None>
    <None Include="shader\pixel\color.ps">
      <Filter>Model\Shader\PixelShader</Filter>
    </None>
    <None Include="shader\pixel\font.ps">
      <Filter>Model\Shader\PixelShader</Filter>
    </None>
    <None Include="shader\pixel\light.ps">
      <Filter>Model\Shader\PixelShader</Filter>
    </None>
    <None Include="shader\pixel\lightmap.ps">
      <Filter>Model\Shader\PixelShader</Filter>
    </None>
    <None Include="shader\pixel\multitexture.ps">
      <Filter>Model\Shader\PixelShader</Filter>
    </None>
    <None Include="shader\pixel\texture.ps">
      <Filter>Model\Shader\PixelShader</Filter>
    </None>
    <None Include="shader\vertex\alphamap.vs">
      <Filter>Model\Shader\VertexShader</Filter>
    </None>
    <None Include="shader\vertex\color.vs">
      <Filter>Model\Shader\VertexShader</Filter>
    </None>
    <None Include="shader\vertex\font.vs">
      <Filter>Model\Shader\VertexShader</Filter>
    </None>
    <None Include="shader\vertex\light.vs">
      <Filter>Model\Shader\VertexShader</Filter>
    </None>
    <None Include="shader\vertex\lightmap.vs">
      <Filter>Model\Shader\VertexShader</Filter>
    </None>
    <None Include="shader\vertex\multitexture.vs">
      <Filter>Model\Shader\VertexShader</Filter>
    </None>
    <None Include="shader\vertex\texture.vs">
      <Filter>Model\Shader\VertexShader</Filter>
    </None>
    <None Include="shader\pixel\Spaceship.ps">
      <Filter>Model\Shader\PixelShader</Filter>
    </None>
    <None Include="shader\vertex\Spaceship.vs">
      <Filter>Model\Shader\VertexShader</Filter>
    </None>
    <None Include="ClassDiagram.cd" />
  </ItemGroup>
</Project>