<?xml version="1.0" encoding="utf-8"?>
<Project ToolsVersion="4.0" xmlns="http://schemas.microsoft.com/developer/msbuild/2003">
  <ItemGroup>
    <Filter Include="Default">
      <UniqueIdentifier>{e0f3197b-d67c-4ac9-9c2b-f2dd4fb4e62b}</UniqueIdentifier>
    </Filter>
    <Filter Include="SystemClass">
      <UniqueIdentifier>{6170693a-16ed-42e4-bf5f-29ee7ec67e92}</UniqueIdentifier>
    </Filter>
    <Filter Include="InputClass">
      <UniqueIdentifier>{5f430cbf-7ff5-4b91-b373-d61465ca0a2e}</UniqueIdentifier>
    </Filter>
    <Filter Include="Default\리소스 파일">
      <UniqueIdentifier>{67DA6AB6-F800-4c08-8B7A-83BB121AAD01}</UniqueIdentifier>
      <Extensions>rc;ico;cur;bmp;dlg;rc2;rct;bin;rgs;gif;jpg;jpeg;jpe;resx;tiff;tif;png;wav;mfcribbon-ms</Extensions>
    </Filter>
    <Filter Include="Graphics">
      <UniqueIdentifier>{80143554-941d-40cb-8afc-f4b624206db8}</UniqueIdentifier>
    </Filter>
    <Filter Include="Graphics\D3DClass">
      <UniqueIdentifier>{266e2735-c2bf-4965-b9b8-a7f7287c74a1}</UniqueIdentifier>
    </Filter>
    <Filter Include="Graphics\GraphicsClass">
      <UniqueIdentifier>{4c246c9e-9e97-4202-976c-ebd06210ee55}</UniqueIdentifier>
    </Filter>
    <Filter Include="Default\header">
      <UniqueIdentifier>{4cdff5a3-8c3f-4636-bd3a-5b4c64260d22}</UniqueIdentifier>
    </Filter>
    <Filter Include="Model">
      <UniqueIdentifier>{b2ab057f-896f-42aa-800e-4d42831064c2}</UniqueIdentifier>
    </Filter>
    <Filter Include="Light">
      <UniqueIdentifier>{e3f9a0a2-cb03-4a0d-b1b3-509bf3d96848}</UniqueIdentifier>
    </Filter>
    <Filter Include="Model\ModelClass">
      <UniqueIdentifier>{193cacbb-0aa9-481f-9fab-e2a6ec264955}</UniqueIdentifier>
    </Filter>
    <Filter Include="TextureClass">
      <UniqueIdentifier>{f425539f-e15e-4831-a061-d4cb088eddbe}</UniqueIdentifier>
    </Filter>
    <Filter Include="TypeConverter">
      <UniqueIdentifier>{7ea17dcf-82ce-46e2-a0c9-180b1f84633a}</UniqueIdentifier>
    </Filter>
    <Filter Include="Object">
      <UniqueIdentifier>{eb4a0ca8-ca9c-488c-9f94-66bbc7834886}</UniqueIdentifier>
    </Filter>
    <Filter Include="Object\ActorClass">
      <UniqueIdentifier>{24aabe3a-49bc-4ae5-80f5-f47d9bdbc317}</UniqueIdentifier>
    </Filter>
    <Filter Include="Object\CameraClass">
      <UniqueIdentifier>{6d70804d-61ec-47a6-9770-f8b84460eb0e}</UniqueIdentifier>
    </Filter>
    <Filter Include="Text">
      <UniqueIdentifier>{903a94af-6dc9-4e45-862b-fedb1ea0a84b}</UniqueIdentifier>
    </Filter>
    <Filter Include="Text\TextManagerClass">
      <UniqueIdentifier>{1811e15d-182a-4003-acfb-7130b808f53a}</UniqueIdentifier>
    </Filter>
    <Filter Include="Scene">
      <UniqueIdentifier>{23ab21c9-df38-4029-affc-f68bcbc7f411}</UniqueIdentifier>
    </Filter>
    <Filter Include="CPUClass">
      <UniqueIdentifier>{7fdf2c42-f2b4-42e2-933f-8893905f0b0f}</UniqueIdentifier>
    </Filter>
    <Filter Include="FPSClass">
      <UniqueIdentifier>{9c2c5e85-746a-4783-9e67-1107adea2c39}</UniqueIdentifier>
    </Filter>
    <Filter Include="IMGUIClass">
      <UniqueIdentifier>{9769faa4-fe27-4ad5-9210-4d7a9cb01ff2}</UniqueIdentifier>
    </Filter>
    <Filter Include="TimerClass">
      <UniqueIdentifier>{3df7ed79-e5f2-4743-bfb1-8881499d389d}</UniqueIdentifier>
    </Filter>
    <Filter Include="UI">
      <UniqueIdentifier>{64a20a66-22a4-4764-8639-ea400df12e13}</UniqueIdentifier>
    </Filter>
    <Filter Include="Scene\StartSceneClass">
      <UniqueIdentifier>{da32d0ad-f6df-4498-bed4-8d63d4cd2b81}</UniqueIdentifier>
    </Filter>
    <Filter Include="UI\0. IUIClass">
      <UniqueIdentifier>{ba2e1efa-a1fe-46d3-935c-cf4b99ff4efc}</UniqueIdentifier>
    </Filter>
    <Filter Include="UI\UIManager">
      <UniqueIdentifier>{1ac9ea27-b70d-4b78-adf2-108df8c91a40}</UniqueIdentifier>
    </Filter>
    <Filter Include="UI\UITextureManager">
      <UniqueIdentifier>{1bea2606-8cd0-4fa9-8d9c-3512911d00e3}</UniqueIdentifier>
    </Filter>
    <Filter Include="Scene\0. ISceneClass">
      <UniqueIdentifier>{0b17f4ca-87da-469e-b2b7-b4b4d63ac0bd}</UniqueIdentifier>
    </Filter>
    <Filter Include="Model\ModelManager">
      <UniqueIdentifier>{1f0abbbd-4932-423d-8fbb-340e55c207dd}</UniqueIdentifier>
    </Filter>
    <Filter Include="Scene\SceneManagerClass">
      <UniqueIdentifier>{53171791-417b-4d08-a31a-c30fbf724969}</UniqueIdentifier>
    </Filter>
    <Filter Include="Text\0. ITextClass">
      <UniqueIdentifier>{fd3e58b8-c9e0-4f63-acb2-7de96291bff1}</UniqueIdentifier>
    </Filter>
    <Filter Include="Object\Move">
      <UniqueIdentifier>{cf3ff131-5342-40bf-a8be-428422776552}</UniqueIdentifier>
    </Filter>
    <Filter Include="Object\Move\MoveClass">
      <UniqueIdentifier>{c97a22e4-4436-4cea-af92-7c967892cd3b}</UniqueIdentifier>
    </Filter>
    <Filter Include="Object\Rotate">
      <UniqueIdentifier>{70012fa5-5275-4fac-bf21-c31419aceb2c}</UniqueIdentifier>
    </Filter>
    <Filter Include="Object\Rotate\RotateClass">
      <UniqueIdentifier>{2d87847b-117f-4e2f-99ca-c78b13518f48}</UniqueIdentifier>
    </Filter>
    <Filter Include="Object\ComputeDirectionVectorClass">
      <UniqueIdentifier>{61644cc4-b24f-455b-886a-f2cf3007bc93}</UniqueIdentifier>
    </Filter>
    <Filter Include="Object\0. IObjectClass">
      <UniqueIdentifier>{f700590f-9ef5-45ee-a39d-ac7ad4006c01}</UniqueIdentifier>
    </Filter>
    <Filter Include="Object\Move\0. IMoveClass">
      <UniqueIdentifier>{763ed01c-234e-4ea4-8cc5-ce67575b9462}</UniqueIdentifier>
    </Filter>
    <Filter Include="Object\Rotate\0. IRotateClass">
      <UniqueIdentifier>{da1ed222-7c63-4f07-b4f3-31b71975eff7}</UniqueIdentifier>
    </Filter>
    <Filter Include="Model\ModelLoader">
      <UniqueIdentifier>{b1154401-1419-4efb-8cf7-89d069b523ef}</UniqueIdentifier>
    </Filter>
    <Filter Include="Model\ModelLoader\PTN_DNSR_ModelLoaderClass">
      <UniqueIdentifier>{07a5c658-31e7-422f-802c-608f06544422}</UniqueIdentifier>
    </Filter>
    <Filter Include="UI\UIRenderClass">
      <UniqueIdentifier>{0ae0d3a2-0891-4b37-9ea5-0f5ce332221c}</UniqueIdentifier>
    </Filter>
    <Filter Include="Model\0. IModelClass">
      <UniqueIdentifier>{4547406d-403f-47d8-afdd-277c4549538c}</UniqueIdentifier>
    </Filter>
    <Filter Include="Object\CollisionClass">
      <UniqueIdentifier>{d0a59b05-b414-423d-a754-8ad2c466fccc}</UniqueIdentifier>
    </Filter>
    <Filter Include="Model\ModelLoader\0. IModelLoaderClass">
      <UniqueIdentifier>{e26e0064-9ee6-438e-a644-4042d29bf531}</UniqueIdentifier>
    </Filter>
    <Filter Include="Model\ModelLoader\1. ModelLoaderClass">
      <UniqueIdentifier>{dbdff2af-ae92-4b91-b2e6-aeac7c3519a1}</UniqueIdentifier>
    </Filter>
    <Filter Include="Model\ModelLoader\PTN_ModelLoaderClass">
      <UniqueIdentifier>{fe3904ce-729d-450a-80a9-d238b278dbd3}</UniqueIdentifier>
    </Filter>
    <Filter Include="Shader">
      <UniqueIdentifier>{3cb280fe-6c0a-49f4-b5f8-76497f04f653}</UniqueIdentifier>
    </Filter>
    <Filter Include="Shader\1. ShaderCode">
      <UniqueIdentifier>{32a771a3-bd20-432c-af74-e719d2774bfd}</UniqueIdentifier>
    </Filter>
    <Filter Include="Shader\1. ShaderCode\VertexShader">
      <UniqueIdentifier>{195d6403-ca2f-4171-97e3-ef9386624936}</UniqueIdentifier>
    </Filter>
    <Filter Include="Shader\1. ShaderCode\PixelShader">
      <UniqueIdentifier>{4cc13100-384c-4da9-8b21-9fc33c37ee45}</UniqueIdentifier>
    </Filter>
    <Filter Include="Shader\1. ShaderClass">
      <UniqueIdentifier>{e536d068-4c88-4f1d-99c6-3fa9d3bbbab8}</UniqueIdentifier>
    </Filter>
    <Filter Include="Shader\0. IShaderClass">
      <UniqueIdentifier>{3f56ea2e-a7b0-4cad-9ef4-2591bb318c71}</UniqueIdentifier>
    </Filter>
    <Filter Include="Shader\MLC_ShaderClass">
      <UniqueIdentifier>{ee8da3a8-ed32-4843-b380-b7e93aa0ce67}</UniqueIdentifier>
    </Filter>
    <Filter Include="Scene\1. SceneClass">
      <UniqueIdentifier>{4dc4adbc-2e37-479f-96b5-da1563c621ba}</UniqueIdentifier>
    </Filter>
    <Filter Include="UI\1. UIClass">
      <UniqueIdentifier>{fa978969-405e-4c45-b51a-55111d050c5e}</UniqueIdentifier>
    </Filter>
    <Filter Include="Text\1. TextClass">
      <UniqueIdentifier>{ac3c10fe-0906-439d-9f98-5886c7e4d60a}</UniqueIdentifier>
    </Filter>
    <Filter Include="Sound">
      <UniqueIdentifier>{06399912-871c-4ba6-b921-ce80ecbcc14a}</UniqueIdentifier>
    </Filter>
    <Filter Include="Sound\SoundClass">
      <UniqueIdentifier>{195c56a8-5d13-4637-acfe-61032bf76b5a}</UniqueIdentifier>
    </Filter>
    <Filter Include="Sound\SoundManagerClass">
      <UniqueIdentifier>{31cd759a-f925-4fc7-9282-9361d6945a91}</UniqueIdentifier>
    </Filter>
    <Filter Include="Object\1. ObjectClass">
      <UniqueIdentifier>{f4cfa62f-a1db-4c9f-9081-a3a827113035}</UniqueIdentifier>
    </Filter>
    <Filter Include="Object\ObjectManagerClass">
      <UniqueIdentifier>{f76564fc-c875-488a-bc4b-f72ebb04c305}</UniqueIdentifier>
    </Filter>
    <Filter Include="Model\ModelFactoryClass">
      <UniqueIdentifier>{346e4b44-8c33-404b-8c37-13f86ee355c1}</UniqueIdentifier>
    </Filter>
    <Filter Include="Scene\SceneFactoryClass">
      <UniqueIdentifier>{9d956e3e-aba6-451a-999f-d62b6e81a747}</UniqueIdentifier>
    </Filter>
    <Filter Include="UI\UIFactoryClass">
      <UniqueIdentifier>{6b74dab4-ce93-4320-9f12-ea9405491434}</UniqueIdentifier>
    </Filter>
    <Filter Include="Object\ObjectFactoryClass">
      <UniqueIdentifier>{c0907262-0024-4944-9111-09e79f5b5c58}</UniqueIdentifier>
    </Filter>
    <Filter Include="Shader\ShaderManagerClass">
      <UniqueIdentifier>{be0ca967-1e69-4f55-986d-ee04a59b6a78}</UniqueIdentifier>
    </Filter>
    <Filter Include="Shader\ShaderFactoryClass">
      <UniqueIdentifier>{16e6d4a9-8e74-4e1f-a8e3-27042330fbb3}</UniqueIdentifier>
    </Filter>
    <Filter Include="Object\GameObjectClass">
      <UniqueIdentifier>{b0942421-a20e-42fc-a3e6-b774e693e426}</UniqueIdentifier>
    </Filter>
    <Filter Include="Shader\ShaderBufferUpdaterClass">
      <UniqueIdentifier>{06740d24-4ae1-4a0b-a972-cc1fdefe0c28}</UniqueIdentifier>
    </Filter>
    <Filter Include="Shader\Cube_ShaderClass">
      <UniqueIdentifier>{39ca4d8f-12f1-45a0-8cbb-da3cb1a599b7}</UniqueIdentifier>
    </Filter>
    <Filter Include="Scene\ModeChooseSceneClass">
      <UniqueIdentifier>{4198ae01-b565-42bd-96d5-a3e518869234}</UniqueIdentifier>
    </Filter>
  </ItemGroup>
  <ItemGroup>
    <ClInclude Include="SystemClass.h">
      <Filter>SystemClass</Filter>
    </ClInclude>
    <ClInclude Include="InputClass.h">
      <Filter>InputClass</Filter>
    </ClInclude>
    <ClInclude Include="GraphicsClass.h">
      <Filter>Graphics\GraphicsClass</Filter>
    </ClInclude>
    <ClInclude Include="CPUClass.h">
      <Filter>CPUClass</Filter>
    </ClInclude>
    <ClInclude Include="FPSClass.h">
      <Filter>FPSClass</Filter>
    </ClInclude>
    <ClInclude Include="TimerClass.h">
      <Filter>TimerClass</Filter>
    </ClInclude>
    <ClInclude Include="D3DClass.h">
      <Filter>Graphics\D3DClass</Filter>
    </ClInclude>
    <ClInclude Include="pch.h">
      <Filter>Default\header</Filter>
    </ClInclude>
    <ClInclude Include="DxDefine.h">
      <Filter>Default\header</Filter>
    </ClInclude>
    <ClInclude Include="Resource.h">
      <Filter>Default\header</Filter>
    </ClInclude>
    <ClInclude Include="SpaceshipGame.h">
      <Filter>Default\header</Filter>
    </ClInclude>
    <ClInclude Include="targetver.h">
      <Filter>Default\header</Filter>
    </ClInclude>
    <ClInclude Include="CameraClass.h">
      <Filter>Object\CameraClass</Filter>
    </ClInclude>
    <ClInclude Include="ModelClass.h">
      <Filter>Model\ModelClass</Filter>
    </ClInclude>
    <ClInclude Include="config.h">
      <Filter>Default\header</Filter>
    </ClInclude>
    <ClInclude Include="IMGUIClass.h">
      <Filter>IMGUIClass</Filter>
    </ClInclude>
    <ClInclude Include="LightClass.h">
      <Filter>Light</Filter>
    </ClInclude>
    <ClInclude Include="ModelManagerClass.h">
      <Filter>Model\ModelManager</Filter>
    </ClInclude>
    <ClInclude Include="ShaderClass.h">
      <Filter>Shader\1. ShaderClass</Filter>
    </ClInclude>
    <ClInclude Include="TextureClass.h">
      <Filter>TextureClass</Filter>
    </ClInclude>
    <ClInclude Include="ActorClass.h">
      <Filter>Object\ActorClass</Filter>
    </ClInclude>
    <ClInclude Include="ObjectManagerClass.h">
      <Filter>Object\ObjectManagerClass</Filter>
    </ClInclude>
    <ClInclude Include="SceneManagerClass.h">
      <Filter>Scene\SceneManagerClass</Filter>
    </ClInclude>
    <ClInclude Include="IObjectClass.h">
      <Filter>Object\0. IObjectClass</Filter>
    </ClInclude>
    <ClInclude Include="ObjectClass.h">
      <Filter>Object\1. ObjectClass</Filter>
    </ClInclude>
    <ClInclude Include="MoveClass.h">
      <Filter>Object\Move\MoveClass</Filter>
    </ClInclude>
    <ClInclude Include="TypeConverterClass.h">
      <Filter>TypeConverter</Filter>
    </ClInclude>
    <ClInclude Include="IMoveClass.h">
      <Filter>Object\Move\0. IMoveClass</Filter>
    </ClInclude>
    <ClInclude Include="IRotateClass.h">
      <Filter>Object\Rotate\0. IRotateClass</Filter>
    </ClInclude>
    <ClInclude Include="RotateClass.h">
      <Filter>Object\Rotate\RotateClass</Filter>
    </ClInclude>
    <ClInclude Include="CollisionClass.h">
      <Filter>Object\CollisionClass</Filter>
    </ClInclude>
    <ClInclude Include="ComputeDirectionVectorClass.h">
      <Filter>Object\ComputeDirectionVectorClass</Filter>
    </ClInclude>
    <ClInclude Include="TextManagerClass.h">
      <Filter>Text\TextManagerClass</Filter>
    </ClInclude>
    <ClInclude Include="ITextClass.h">
      <Filter>Text\0. ITextClass</Filter>
    </ClInclude>
    <ClInclude Include="TextClass.h">
      <Filter>Text\1. TextClass</Filter>
    </ClInclude>
    <ClInclude Include="ISceneClass.h">
      <Filter>Scene\0. ISceneClass</Filter>
    </ClInclude>
    <ClInclude Include="StartSceneClass.h">
      <Filter>Scene\StartSceneClass</Filter>
    </ClInclude>
    <ClInclude Include="SceneClass.h">
      <Filter>Scene\1. SceneClass</Filter>
    </ClInclude>
    <ClInclude Include="UIClass.h">
      <Filter>UI\1. UIClass</Filter>
    </ClInclude>
    <ClInclude Include="IUIClass.h">
      <Filter>UI\0. IUIClass</Filter>
    </ClInclude>
    <ClInclude Include="UITextureManagerClass.h">
      <Filter>UI\UITextureManager</Filter>
    </ClInclude>
    <ClInclude Include="UIManagerClass.h">
      <Filter>UI\UIManager</Filter>
    </ClInclude>
    <ClInclude Include="ModelLoaderClass.h">
      <Filter>Model\ModelLoader\1. ModelLoaderClass</Filter>
    </ClInclude>
    <ClInclude Include="PTN_DNSR_ModelLoaderClass.h">
      <Filter>Model\ModelLoader\PTN_DNSR_ModelLoaderClass</Filter>
    </ClInclude>
    <ClInclude Include="UIRenderClass.h">
      <Filter>UI\UIRenderClass</Filter>
    </ClInclude>
    <ClInclude Include="IModelClass.h">
      <Filter>Model\0. IModelClass</Filter>
    </ClInclude>
    <ClInclude Include="IModelLoaderClass.h">
      <Filter>Model\ModelLoader\0. IModelLoaderClass</Filter>
    </ClInclude>
    <ClInclude Include="PTN_ModelLoaderClass.h">
      <Filter>Model\ModelLoader\PTN_ModelLoaderClass</Filter>
    </ClInclude>
    <ClInclude Include="IShaderClass.h">
      <Filter>Shader\0. IShaderClass</Filter>
    </ClInclude>
    <ClInclude Include="MLC_ShaderClass.h">
      <Filter>Shader\MLC_ShaderClass</Filter>
    </ClInclude>
    <ClInclude Include="SoundClass.h">
      <Filter>Sound\SoundClass</Filter>
    </ClInclude>
    <ClInclude Include="SoundManagerClass.h">
      <Filter>Sound\SoundManagerClass</Filter>
    </ClInclude>
    <ClInclude Include="SceneFactoryClass.h">
      <Filter>Scene\SceneFactoryClass</Filter>
    </ClInclude>
    <ClInclude Include="ModelFactoryClass.h">
      <Filter>Model\ModelFactoryClass</Filter>
    </ClInclude>
    <ClInclude Include="UIFactoryClass.h">
      <Filter>UI\UIFactoryClass</Filter>
    </ClInclude>
    <ClInclude Include="ObjectFactoryClass.h">
      <Filter>Object\ObjectFactoryClass</Filter>
    </ClInclude>
    <ClInclude Include="ShaderManagerClass.h">
      <Filter>Shader\ShaderManagerClass</Filter>
    </ClInclude>
    <ClInclude Include="ShaderFactoryClass.h">
      <Filter>Shader\ShaderFactoryClass</Filter>
    </ClInclude>
    <ClInclude Include="GameObjectClass.h">
      <Filter>Object\GameObjectClass</Filter>
    </ClInclude>
    <ClInclude Include="ShaderBufferUpdaterClass.h">
      <Filter>Shader\ShaderBufferUpdaterClass</Filter>
    </ClInclude>
    <ClInclude Include="Cube_ShaderClass.h">
      <Filter>Shader\Cube_ShaderClass</Filter>
    </ClInclude>
    <ClInclude Include="ModeChooseSceneClass.h">
      <Filter>Scene\ModeChooseSceneClass</Filter>
    </ClInclude>
  </ItemGroup>
  <ItemGroup>
    <ClCompile Include="main.cpp">
      <Filter>Default</Filter>
    </ClCompile>
    <ClCompile Include="SystemClass.cpp">
      <Filter>SystemClass</Filter>
    </ClCompile>
    <ClCompile Include="InputClass.cpp">
      <Filter>InputClass</Filter>
    </ClCompile>
    <ClCompile Include="GraphicsClass.cpp">
      <Filter>Graphics\GraphicsClass</Filter>
    </ClCompile>
    <ClCompile Include="CPUClass.cpp">
      <Filter>CPUClass</Filter>
    </ClCompile>
    <ClCompile Include="FPSClass.cpp">
      <Filter>FPSClass</Filter>
    </ClCompile>
    <ClCompile Include="TimerClass.cpp">
      <Filter>TimerClass</Filter>
    </ClCompile>
    <ClCompile Include="D3DClass.cpp">
      <Filter>Graphics\D3DClass</Filter>
    </ClCompile>
    <ClCompile Include="pch.cpp">
      <Filter>Default\header</Filter>
    </ClCompile>
    <ClCompile Include="CameraClass.cpp">
      <Filter>Object\CameraClass</Filter>
    </ClCompile>
    <ClCompile Include="ModelClass.hpp">
      <Filter>Model\ModelClass</Filter>
    </ClCompile>
    <ClCompile Include="IMGUIClass.cpp">
      <Filter>IMGUIClass</Filter>
    </ClCompile>
    <ClCompile Include="LightClass.cpp">
      <Filter>Light</Filter>
    </ClCompile>
    <ClCompile Include="ModelManagerClass.cpp">
      <Filter>Model\ModelManager</Filter>
    </ClCompile>
    <ClCompile Include="ShaderClass.hpp">
      <Filter>Shader\1. ShaderClass</Filter>
    </ClCompile>
    <ClCompile Include="TextureClass.cpp">
      <Filter>TextureClass</Filter>
    </ClCompile>
    <ClCompile Include="ActorClass.cpp">
      <Filter>Object\ActorClass</Filter>
    </ClCompile>
    <ClCompile Include="ObjectManagerClass.cpp">
      <Filter>Object\ObjectManagerClass</Filter>
    </ClCompile>
    <ClCompile Include="SceneManagerClass.cpp">
      <Filter>Scene\SceneManagerClass</Filter>
    </ClCompile>
    <ClCompile Include="IObjectClass.cpp">
      <Filter>Object\0. IObjectClass</Filter>
    </ClCompile>
    <ClCompile Include="ObjectClass.cpp">
      <Filter>Object\1. ObjectClass</Filter>
    </ClCompile>
    <ClCompile Include="MoveClass.cpp">
      <Filter>Object\Move\MoveClass</Filter>
    </ClCompile>
    <ClCompile Include="TypeConverterClass.cpp">
      <Filter>TypeConverter</Filter>
    </ClCompile>
    <ClCompile Include="IMoveClass.cpp">
      <Filter>Object\Move\0. IMoveClass</Filter>
    </ClCompile>
    <ClCompile Include="IRotateClass.cpp">
      <Filter>Object\Rotate\0. IRotateClass</Filter>
    </ClCompile>
    <ClCompile Include="RotateClass.cpp">
      <Filter>Object\Rotate\RotateClass</Filter>
    </ClCompile>
    <ClCompile Include="CollisionClass.cpp">
      <Filter>Object\CollisionClass</Filter>
    </ClCompile>
    <ClCompile Include="ComputeDirectionVectorClass.cpp">
      <Filter>Object\ComputeDirectionVectorClass</Filter>
    </ClCompile>
    <ClCompile Include="TextManagerClass.cpp">
      <Filter>Text\TextManagerClass</Filter>
    </ClCompile>
    <ClCompile Include="ITextClass.cpp">
      <Filter>Text\0. ITextClass</Filter>
    </ClCompile>
    <ClCompile Include="TextClass.cpp">
      <Filter>Text\1. TextClass</Filter>
    </ClCompile>
    <ClCompile Include="ISceneClass.cpp">
      <Filter>Scene\0. ISceneClass</Filter>
    </ClCompile>
    <ClCompile Include="StartSceneClass.cpp">
      <Filter>Scene\StartSceneClass</Filter>
    </ClCompile>
    <ClCompile Include="SceneClass.cpp">
      <Filter>Scene\1. SceneClass</Filter>
    </ClCompile>
    <ClCompile Include="UIClass.cpp">
      <Filter>UI\1. UIClass</Filter>
    </ClCompile>
    <ClCompile Include="IUIClass.cpp">
      <Filter>UI\0. IUIClass</Filter>
    </ClCompile>
    <ClCompile Include="UITextureManagerClass.cpp">
      <Filter>UI\UITextureManager</Filter>
    </ClCompile>
    <ClCompile Include="UIManagerClass.cpp">
      <Filter>UI\UIManager</Filter>
    </ClCompile>
    <ClCompile Include="ModelLoaderClass.hpp">
      <Filter>Model\ModelLoader\1. ModelLoaderClass</Filter>
    </ClCompile>
    <ClCompile Include="PTN_DNSR_ModelLoaderClass.cpp">
      <Filter>Model\ModelLoader\PTN_DNSR_ModelLoaderClass</Filter>
    </ClCompile>
    <ClCompile Include="UIRenderClass.cpp">
      <Filter>UI\UIRenderClass</Filter>
    </ClCompile>
    <ClCompile Include="IModelClass.cpp">
      <Filter>Model\0. IModelClass</Filter>
    </ClCompile>
    <ClCompile Include="IModelLoaderClass.cpp">
      <Filter>Model\ModelLoader\0. IModelLoaderClass</Filter>
    </ClCompile>
    <ClCompile Include="PTN_ModelLoaderClass.cpp">
      <Filter>Model\ModelLoader\PTN_ModelLoaderClass</Filter>
    </ClCompile>
    <ClCompile Include="IShaderClass.cpp">
      <Filter>Shader\0. IShaderClass</Filter>
    </ClCompile>
    <ClCompile Include="MLC_ShaderClass.cpp">
      <Filter>Shader\MLC_ShaderClass</Filter>
    </ClCompile>
    <ClCompile Include="SoundClass.cpp">
      <Filter>Sound\SoundClass</Filter>
    </ClCompile>
    <ClCompile Include="SoundManagerClass.cpp">
      <Filter>Sound\SoundManagerClass</Filter>
    </ClCompile>
    <ClCompile Include="SceneFactoryClass.cpp">
      <Filter>Scene\SceneFactoryClass</Filter>
    </ClCompile>
    <ClCompile Include="ModelFactoryClass.cpp">
      <Filter>Model\ModelFactoryClass</Filter>
    </ClCompile>
    <ClCompile Include="UIFactoryClass.cpp">
      <Filter>UI\UIFactoryClass</Filter>
    </ClCompile>
    <ClCompile Include="ObjectFactoryClass.cpp">
      <Filter>Object\ObjectFactoryClass</Filter>
    </ClCompile>
    <ClCompile Include="ShaderManagerClass.cpp">
      <Filter>Shader\ShaderManagerClass</Filter>
    </ClCompile>
    <ClCompile Include="ShaderFactoryClass.cpp">
      <Filter>Shader\ShaderFactoryClass</Filter>
    </ClCompile>
    <ClCompile Include="GameObjectClass.cpp">
      <Filter>Object\GameObjectClass</Filter>
    </ClCompile>
    <ClCompile Include="ShaderBufferUpdaterClass.cpp">
      <Filter>Shader\ShaderBufferUpdaterClass</Filter>
    </ClCompile>
    <ClCompile Include="Cube_ShaderClass.cpp">
      <Filter>Shader\Cube_ShaderClass</Filter>
    </ClCompile>
    <ClCompile Include="config.cpp">
      <Filter>Default\header</Filter>
    </ClCompile>
    <ClCompile Include="ModeChooseSceneClass.cpp">
      <Filter>Scene\ModeChooseSceneClass</Filter>
    </ClCompile>
  </ItemGroup>
  <ItemGroup>
    <ResourceCompile Include="SpaceshipGame.rc">
      <Filter>Default\리소스 파일</Filter>
    </ResourceCompile>
  </ItemGroup>
  <ItemGroup>
    <Image Include="small.ico">
      <Filter>Default\리소스 파일</Filter>
    </Image>
    <Image Include="SpaceshipGame.ico">
      <Filter>Default\리소스 파일</Filter>
    </Image>
  </ItemGroup>
  <ItemGroup>
    <None Include="shader\pixel\alphamap.ps">
      <Filter>Shader\1. ShaderCode\PixelShader</Filter>
    </None>
    <None Include="shader\pixel\color.ps">
      <Filter>Shader\1. ShaderCode\PixelShader</Filter>
    </None>
    <None Include="shader\pixel\font.ps">
      <Filter>Shader\1. ShaderCode\PixelShader</Filter>
    </None>
    <None Include="shader\pixel\light.ps">
      <Filter>Shader\1. ShaderCode\PixelShader</Filter>
    </None>
    <None Include="shader\pixel\lightmap.ps">
      <Filter>Shader\1. ShaderCode\PixelShader</Filter>
    </None>
    <None Include="shader\pixel\multitexture.ps">
      <Filter>Shader\1. ShaderCode\PixelShader</Filter>
    </None>
    <None Include="shader\pixel\texture.ps">
      <Filter>Shader\1. ShaderCode\PixelShader</Filter>
    </None>
    <None Include="shader\vertex\alphamap.vs">
      <Filter>Shader\1. ShaderCode\VertexShader</Filter>
    </None>
    <None Include="shader\vertex\color.vs">
      <Filter>Shader\1. ShaderCode\VertexShader</Filter>
    </None>
    <None Include="shader\vertex\font.vs">
      <Filter>Shader\1. ShaderCode\VertexShader</Filter>
    </None>
    <None Include="shader\vertex\light.vs">
      <Filter>Shader\1. ShaderCode\VertexShader</Filter>
    </None>
    <None Include="shader\vertex\lightmap.vs">
      <Filter>Shader\1. ShaderCode\VertexShader</Filter>
    </None>
    <None Include="shader\vertex\multitexture.vs">
      <Filter>Shader\1. ShaderCode\VertexShader</Filter>
    </None>
    <None Include="shader\vertex\texture.vs">
      <Filter>Shader\1. ShaderCode\VertexShader</Filter>
    </None>
    <None Include="shader\pixel\Spaceship.ps">
      <Filter>Shader\1. ShaderCode\PixelShader</Filter>
    </None>
    <None Include="shader\vertex\Spaceship.vs">
      <Filter>Shader\1. ShaderCode\VertexShader</Filter>
    </None>
    <None Include="ClassDiagram.cd" />
  </ItemGroup>
</Project>