<?xml version="1.0" encoding="utf-8"?>
<Project ToolsVersion="4.0" xmlns="http://schemas.microsoft.com/developer/msbuild/2003">
  <ItemGroup>
    <Filter Include="Default">
      <UniqueIdentifier>{e0f3197b-d67c-4ac9-9c2b-f2dd4fb4e62b}</UniqueIdentifier>
    </Filter>
    <Filter Include="SystemClass">
      <UniqueIdentifier>{6170693a-16ed-42e4-bf5f-29ee7ec67e92}</UniqueIdentifier>
    </Filter>
    <Filter Include="InputClass">
      <UniqueIdentifier>{5f430cbf-7ff5-4b91-b373-d61465ca0a2e}</UniqueIdentifier>
    </Filter>
    <Filter Include="Debugging">
      <UniqueIdentifier>{d00c2fe4-1a98-47e1-b031-661cdba45e0e}</UniqueIdentifier>
    </Filter>
    <Filter Include="Debugging\CPUClass">
      <UniqueIdentifier>{7fdf2c42-f2b4-42e2-933f-8893905f0b0f}</UniqueIdentifier>
    </Filter>
    <Filter Include="Debugging\FPSClass">
      <UniqueIdentifier>{9c2c5e85-746a-4783-9e67-1107adea2c39}</UniqueIdentifier>
    </Filter>
    <Filter Include="Debugging\TimerClass">
      <UniqueIdentifier>{3df7ed79-e5f2-4743-bfb1-8881499d389d}</UniqueIdentifier>
    </Filter>
    <Filter Include="PositionClass">
      <UniqueIdentifier>{383ce90a-46d7-4511-9780-bc79d489ac21}</UniqueIdentifier>
    </Filter>
    <Filter Include="SoundClass">
      <UniqueIdentifier>{06399912-871c-4ba6-b921-ce80ecbcc14a}</UniqueIdentifier>
    </Filter>
    <Filter Include="Default\리소스 파일">
      <UniqueIdentifier>{67DA6AB6-F800-4c08-8B7A-83BB121AAD01}</UniqueIdentifier>
      <Extensions>rc;ico;cur;bmp;dlg;rc2;rct;bin;rgs;gif;jpg;jpeg;jpe;resx;tiff;tif;png;wav;mfcribbon-ms</Extensions>
    </Filter>
    <Filter Include="Graphics">
      <UniqueIdentifier>{80143554-941d-40cb-8afc-f4b624206db8}</UniqueIdentifier>
    </Filter>
    <Filter Include="Graphics\D3DClass">
      <UniqueIdentifier>{266e2735-c2bf-4965-b9b8-a7f7287c74a1}</UniqueIdentifier>
    </Filter>
    <Filter Include="Graphics\GraphicsClass">
      <UniqueIdentifier>{4c246c9e-9e97-4202-976c-ebd06210ee55}</UniqueIdentifier>
    </Filter>
    <Filter Include="Default\header">
      <UniqueIdentifier>{4cdff5a3-8c3f-4636-bd3a-5b4c64260d22}</UniqueIdentifier>
    </Filter>
    <Filter Include="CameraClass">
      <UniqueIdentifier>{6d70804d-61ec-47a6-9770-f8b84460eb0e}</UniqueIdentifier>
    </Filter>
    <Filter Include="Default\DDSTextureLoader">
      <UniqueIdentifier>{ef106198-efe5-4225-98e5-660b8bd5ee8d}</UniqueIdentifier>
    </Filter>
    <Filter Include="FrustumClass">
      <UniqueIdentifier>{cbac6ccf-be28-4f73-9f9b-51c9b43e22fa}</UniqueIdentifier>
    </Filter>
    <Filter Include="Texture">
      <UniqueIdentifier>{f425539f-e15e-4831-a061-d4cb088eddbe}</UniqueIdentifier>
    </Filter>
    <Filter Include="Texture\TextureClass">
      <UniqueIdentifier>{b6694b6c-6699-4641-a190-0e899b0bce02}</UniqueIdentifier>
    </Filter>
    <Filter Include="Model">
      <UniqueIdentifier>{b2ab057f-896f-42aa-800e-4d42831064c2}</UniqueIdentifier>
    </Filter>
    <Filter Include="Model\ModelClass">
      <UniqueIdentifier>{193cacbb-0aa9-481f-9fab-e2a6ec264955}</UniqueIdentifier>
    </Filter>
    <Filter Include="Light">
      <UniqueIdentifier>{e3f9a0a2-cb03-4a0d-b1b3-509bf3d96848}</UniqueIdentifier>
    </Filter>
    <Filter Include="Light\LightClass">
      <UniqueIdentifier>{5a5d48a0-f55b-4d3a-9c48-d72451b3757a}</UniqueIdentifier>
    </Filter>
    <Filter Include="Graphics\Shader">
      <UniqueIdentifier>{3cb280fe-6c0a-49f4-b5f8-76497f04f653}</UniqueIdentifier>
    </Filter>
    <Filter Include="Graphics\Shader\VertexShader">
      <UniqueIdentifier>{195d6403-ca2f-4171-97e3-ef9386624936}</UniqueIdentifier>
    </Filter>
    <Filter Include="Graphics\Shader\PixelShader">
      <UniqueIdentifier>{4cc13100-384c-4da9-8b21-9fc33c37ee45}</UniqueIdentifier>
    </Filter>
    <Filter Include="Graphics\ShaderClass">
      <UniqueIdentifier>{e536d068-4c88-4f1d-99c6-3fa9d3bbbab8}</UniqueIdentifier>
    </Filter>
    <Filter Include="Graphics\ShaderClass\Child">
      <UniqueIdentifier>{246bdc41-b515-48db-99f6-c04f6b5df452}</UniqueIdentifier>
    </Filter>
    <Filter Include="Graphics\ShaderClass\Child\Texture">
      <UniqueIdentifier>{6153828e-3be2-4ad7-ad5c-8ba3073caf90}</UniqueIdentifier>
    </Filter>
    <Filter Include="Graphics\ShaderClass\Child\MultiTexture">
      <UniqueIdentifier>{dce89d75-8f85-474b-b259-3d00508309dd}</UniqueIdentifier>
    </Filter>
    <Filter Include="Graphics\ShaderClass\Child\Light">
      <UniqueIdentifier>{6bfa86ff-6908-4896-af68-f30fdf60959d}</UniqueIdentifier>
    </Filter>
    <Filter Include="Graphics\ShaderClass\Child\LightMap">
      <UniqueIdentifier>{5548cfbb-20a6-4db6-b94b-36a54b83308e}</UniqueIdentifier>
    </Filter>
    <Filter Include="Graphics\ShaderClass\Child\AlphaMap">
      <UniqueIdentifier>{17d2158f-07f0-4834-a484-cc078551a8ea}</UniqueIdentifier>
    </Filter>
    <Filter Include="Graphics\ShaderClass\Child\FontShader">
      <UniqueIdentifier>{a6c6b51c-926b-4c81-a5e1-6f39ddbc978a}</UniqueIdentifier>
    </Filter>
    <Filter Include="Graphics\ShaderClass\Parent">
      <UniqueIdentifier>{69cc488c-e683-4a0d-a1c1-ac4cd22af194}</UniqueIdentifier>
    </Filter>
    <Filter Include="Font">
      <UniqueIdentifier>{3eb92837-7d3e-4017-acbc-5825d51dc141}</UniqueIdentifier>
    </Filter>
    <Filter Include="TextClass">
      <UniqueIdentifier>{3484c0b2-5711-4923-aa1c-dc82aabb05b1}</UniqueIdentifier>
    </Filter>
    <Filter Include="ColorClass">
      <UniqueIdentifier>{c18dc73e-7b11-4dc7-8fc8-f1b588077ea0}</UniqueIdentifier>
    </Filter>
    <Filter Include="PositionClass\Position2DClass">
      <UniqueIdentifier>{31005519-d99b-4479-b5c3-faa00bf4a255}</UniqueIdentifier>
    </Filter>
    <Filter Include="Model\ModelLoader">
      <UniqueIdentifier>{a5c131e5-8b8c-46f0-873b-3408bbc4697b}</UniqueIdentifier>
    </Filter>
  </ItemGroup>
  <ItemGroup>
    <ClInclude Include="SystemClass.h">
      <Filter>SystemClass</Filter>
    </ClInclude>
    <ClInclude Include="InputClass.h">
      <Filter>InputClass</Filter>
    </ClInclude>
    <ClInclude Include="GraphicsClass.h">
      <Filter>Graphics\GraphicsClass</Filter>
    </ClInclude>
    <ClInclude Include="CPUClass.h">
      <Filter>Debugging\CPUClass</Filter>
    </ClInclude>
    <ClInclude Include="FPSClass.h">
      <Filter>Debugging\FPSClass</Filter>
    </ClInclude>
    <ClInclude Include="TimerClass.h">
      <Filter>Debugging\TimerClass</Filter>
    </ClInclude>
    <ClInclude Include="PositionClass.h">
      <Filter>PositionClass</Filter>
    </ClInclude>
    <ClInclude Include="SoundClass.h">
      <Filter>SoundClass</Filter>
    </ClInclude>
    <ClInclude Include="ShaderClass.h">
      <Filter>Graphics\ShaderClass\Parent</Filter>
    </ClInclude>
    <ClInclude Include="AlphaMapShaderClass.h">
      <Filter>Graphics\ShaderClass\Child\AlphaMap</Filter>
    </ClInclude>
    <ClInclude Include="LightMapShaderClass.h">
      <Filter>Graphics\ShaderClass\Child\LightMap</Filter>
    </ClInclude>
    <ClInclude Include="LightShaderClass.h">
      <Filter>Graphics\ShaderClass\Child\Light</Filter>
    </ClInclude>
    <ClInclude Include="MultiTextureShaderClass.h">
      <Filter>Graphics\ShaderClass\Child\MultiTexture</Filter>
    </ClInclude>
    <ClInclude Include="TextureShaderClass.h">
      <Filter>Graphics\ShaderClass\Child\Texture</Filter>
    </ClInclude>
    <ClInclude Include="D3DClass.h">
      <Filter>Graphics\D3DClass</Filter>
    </ClInclude>
    <ClInclude Include="pch.h">
      <Filter>Default\header</Filter>
    </ClInclude>
    <ClInclude Include="DxDefine.h">
      <Filter>Default\header</Filter>
    </ClInclude>
    <ClInclude Include="Resource.h">
      <Filter>Default\header</Filter>
    </ClInclude>
    <ClInclude Include="SpaceshipGame.h">
      <Filter>Default\header</Filter>
    </ClInclude>
    <ClInclude Include="targetver.h">
      <Filter>Default\header</Filter>
    </ClInclude>
    <ClInclude Include="CameraClass.h">
      <Filter>CameraClass</Filter>
    </ClInclude>
    <ClInclude Include="DDSTextureLoader.h">
      <Filter>Default\DDSTextureLoader</Filter>
    </ClInclude>
    <ClInclude Include="FrustumClass.h">
      <Filter>FrustumClass</Filter>
    </ClInclude>
    <ClInclude Include="TextureClass.h">
      <Filter>Texture\TextureClass</Filter>
    </ClInclude>
    <ClInclude Include="ModelClass.h">
      <Filter>Model\ModelClass</Filter>
    </ClInclude>
    <ClInclude Include="LightClass.h">
      <Filter>Light\LightClass</Filter>
    </ClInclude>
    <ClInclude Include="FontShaderClass.h">
      <Filter>Graphics\ShaderClass\Child\FontShader</Filter>
    </ClInclude>
    <ClInclude Include="FontClass.h">
      <Filter>Font</Filter>
    </ClInclude>
    <ClInclude Include="config.h">
      <Filter>Default\header</Filter>
    </ClInclude>
    <ClInclude Include="TextClass.h">
      <Filter>TextClass</Filter>
    </ClInclude>
    <ClInclude Include="ColorClass.h">
      <Filter>ColorClass</Filter>
    </ClInclude>
    <ClInclude Include="Position2DClass.h">
      <Filter>PositionClass\Position2DClass</Filter>
    </ClInclude>
    <ClInclude Include="ModelLoaderClass.h">
      <Filter>Model\ModelLoader</Filter>
    </ClInclude>
  </ItemGroup>
  <ItemGroup>
    <ClCompile Include="main.cpp">
      <Filter>Default</Filter>
    </ClCompile>
    <ClCompile Include="SystemClass.cpp">
      <Filter>SystemClass</Filter>
    </ClCompile>
    <ClCompile Include="InputClass.cpp">
      <Filter>InputClass</Filter>
    </ClCompile>
    <ClCompile Include="GraphicsClass.cpp">
      <Filter>Graphics\GraphicsClass</Filter>
    </ClCompile>
    <ClCompile Include="CPUClass.cpp">
      <Filter>Debugging\CPUClass</Filter>
    </ClCompile>
    <ClCompile Include="FPSClass.cpp">
      <Filter>Debugging\FPSClass</Filter>
    </ClCompile>
    <ClCompile Include="TimerClass.cpp">
      <Filter>Debugging\TimerClass</Filter>
    </ClCompile>
    <ClCompile Include="PositionClass.cpp">
      <Filter>PositionClass</Filter>
    </ClCompile>
    <ClCompile Include="SoundClass.cpp">
      <Filter>SoundClass</Filter>
    </ClCompile>
    <ClCompile Include="ShaderClass.cpp">
      <Filter>Graphics\ShaderClass\Parent</Filter>
    </ClCompile>
    <ClCompile Include="AlphaMapShaderClass.cpp">
      <Filter>Graphics\ShaderClass\Child\AlphaMap</Filter>
    </ClCompile>
    <ClCompile Include="LightMapShaderClass.cpp">
      <Filter>Graphics\ShaderClass\Child\LightMap</Filter>
    </ClCompile>
    <ClCompile Include="LightShaderClass.cpp">
      <Filter>Graphics\ShaderClass\Child\Light</Filter>
    </ClCompile>
    <ClCompile Include="MultiTextureShaderClass.cpp">
      <Filter>Graphics\ShaderClass\Child\MultiTexture</Filter>
    </ClCompile>
    <ClCompile Include="TextureShaderClass.cpp">
      <Filter>Graphics\ShaderClass\Child\Texture</Filter>
    </ClCompile>
    <ClCompile Include="D3DClass.cpp">
      <Filter>Graphics\D3DClass</Filter>
    </ClCompile>
    <ClCompile Include="pch.cpp">
      <Filter>Default\header</Filter>
    </ClCompile>
    <ClCompile Include="CameraClass.cpp">
      <Filter>CameraClass</Filter>
    </ClCompile>
    <ClCompile Include="DDSTextureLoader.cpp">
      <Filter>Default\DDSTextureLoader</Filter>
    </ClCompile>
    <ClCompile Include="FrustumClass.cpp">
      <Filter>FrustumClass</Filter>
    </ClCompile>
    <ClCompile Include="TextureClass.cpp">
      <Filter>Texture\TextureClass</Filter>
    </ClCompile>
    <ClCompile Include="ModelClass.cpp">
      <Filter>Model\ModelClass</Filter>
    </ClCompile>
    <ClCompile Include="LightClass.cpp">
      <Filter>Light\LightClass</Filter>
    </ClCompile>
    <ClCompile Include="FontShaderClass.cpp">
      <Filter>Graphics\ShaderClass\Child\FontShader</Filter>
    </ClCompile>
    <ClCompile Include="FontClass.cpp">
      <Filter>Font</Filter>
    </ClCompile>
    <ClCompile Include="TextClass.cpp">
      <Filter>TextClass</Filter>
    </ClCompile>
    <ClCompile Include="ColorClass.cpp">
      <Filter>ColorClass</Filter>
    </ClCompile>
    <ClCompile Include="Position2DClass.cpp">
      <Filter>PositionClass\Position2DClass</Filter>
    </ClCompile>
    <ClCompile Include="ModelLoaderClass.cpp">
      <Filter>Model\ModelLoader</Filter>
    </ClCompile>
  </ItemGroup>
  <ItemGroup>
    <ResourceCompile Include="SpaceshipGame.rc">
      <Filter>Default\리소스 파일</Filter>
    </ResourceCompile>
  </ItemGroup>
  <ItemGroup>
    <Image Include="small.ico">
      <Filter>Default\리소스 파일</Filter>
    </Image>
    <Image Include="SpaceshipGame.ico">
      <Filter>Default\리소스 파일</Filter>
    </Image>
  </ItemGroup>
  <ItemGroup>
    <None Include="shader\pixel\alphamap.ps">
      <Filter>Graphics\Shader\PixelShader</Filter>
    </None>
    <None Include="shader\pixel\color.ps">
      <Filter>Graphics\Shader\PixelShader</Filter>
    </None>
    <None Include="shader\pixel\font.ps">
      <Filter>Graphics\Shader\PixelShader</Filter>
    </None>
    <None Include="shader\pixel\light.ps">
      <Filter>Graphics\Shader\PixelShader</Filter>
    </None>
    <None Include="shader\pixel\lightmap.ps">
      <Filter>Graphics\Shader\PixelShader</Filter>
    </None>
    <None Include="shader\pixel\multitexture.ps">
      <Filter>Graphics\Shader\PixelShader</Filter>
    </None>
    <None Include="shader\pixel\texture.ps">
      <Filter>Graphics\Shader\PixelShader</Filter>
    </None>
    <None Include="shader\vertex\alphamap.vs">
      <Filter>Graphics\Shader\VertexShader</Filter>
    </None>
    <None Include="shader\vertex\color.vs">
      <Filter>Graphics\Shader\VertexShader</Filter>
    </None>
    <None Include="shader\vertex\font.vs">
      <Filter>Graphics\Shader\VertexShader</Filter>
    </None>
    <None Include="shader\vertex\light.vs">
      <Filter>Graphics\Shader\VertexShader</Filter>
    </None>
    <None Include="shader\vertex\lightmap.vs">
      <Filter>Graphics\Shader\VertexShader</Filter>
    </None>
    <None Include="shader\vertex\multitexture.vs">
      <Filter>Graphics\Shader\VertexShader</Filter>
    </None>
    <None Include="shader\vertex\texture.vs">
      <Filter>Graphics\Shader\VertexShader</Filter>
    </None>
  </ItemGroup>
</Project>